
Microsoft Visual Studio Solution File, Format Version 12.00
Project("{FAE04EC0-301F-11D3-BF4B-00C04F79EFBC}") = "CheckURLs", "CheckURLs\CheckURLs.csproj", "{E28544CA-6F00-4192-8383-6D93247D41B6}"
EndProject
Global
	GlobalSection(SolutionConfigurationPlatforms) = preSolution
		Debug|Any CPU = Debug|Any CPU
		Release|Any CPU = Release|Any CPU
	EndGlobalSection
	GlobalSection(ProjectConfigurationPlatforms) = postSolution
		{E28544CA-6F00-4192-8383-6D93247D41B6}.Debug|Any CPU.ActiveCfg = Debug|Any CPU
		{E28544CA-6F00-4192-8383-6D93247D41B6}.Debug|Any CPU.Build.0 = Debug|Any CPU
		{E28544CA-6F00-4192-8383-6D93247D41B6}.Release|Any CPU.ActiveCfg = Release|Any CPU
		{E28544CA-6F00-4192-8383-6D93247D41B6}.Release|Any CPU.Build.0 = Release|Any CPU
	EndGlobalSection
EndGlobal
